// !$*UTF8*$!
{
	archiveVersion = 1;
	classes = {
	};
	objectVersion = 46;
	objects = {

/* Begin PBXBuildFile section */
		512D9A871E4C3E2C001686C8 /* main.m in Sources */ = {isa = PBXBuildFile; fileRef = 512D9A861E4C3E2C001686C8 /* main.m */; };
		512D9A8A1E4C3E2C001686C8 /* AppDelegate.m in Sources */ = {isa = PBXBuildFile; fileRef = 512D9A891E4C3E2C001686C8 /* AppDelegate.m */; };
		512D9A8D1E4C3E2C001686C8 /* ViewController.m in Sources */ = {isa = PBXBuildFile; fileRef = 512D9A8C1E4C3E2C001686C8 /* ViewController.m */; };
		512D9A901E4C3E2C001686C8 /* Main.storyboard in Resources */ = {isa = PBXBuildFile; fileRef = 512D9A8E1E4C3E2C001686C8 /* Main.storyboard */; };
		512D9A921E4C3E2C001686C8 /* Assets.xcassets in Resources */ = {isa = PBXBuildFile; fileRef = 512D9A911E4C3E2C001686C8 /* Assets.xcassets */; };
		512D9A951E4C3E2C001686C8 /* LaunchScreen.storyboard in Resources */ = {isa = PBXBuildFile; fileRef = 512D9A931E4C3E2C001686C8 /* LaunchScreen.storyboard */; };
		512D9AA01E4C3E2C001686C8 /* Weather_TodayTests.m in Sources */ = {isa = PBXBuildFile; fileRef = 512D9A9F1E4C3E2C001686C8 /* Weather_TodayTests.m */; };
		512D9AAB1E4C3E2C001686C8 /* Weather_TodayUITests.m in Sources */ = {isa = PBXBuildFile; fileRef = 512D9AAA1E4C3E2C001686C8 /* Weather_TodayUITests.m */; };
		512D9ABA1E4C3F57001686C8 /* SystemConfiguration.framework in Frameworks */ = {isa = PBXBuildFile; fileRef = 512D9AB91E4C3F57001686C8 /* SystemConfiguration.framework */; };
		512D9ABC1E4C3F70001686C8 /* CoreLocation.framework in Frameworks */ = {isa = PBXBuildFile; fileRef = 512D9ABB1E4C3F70001686C8 /* CoreLocation.framework */; };
/* End PBXBuildFile section */

/* Begin PBXContainerItemProxy section */
		512D9A9C1E4C3E2C001686C8 /* PBXContainerItemProxy */ = {
			isa = PBXContainerItemProxy;
			containerPortal = 512D9A7A1E4C3E2C001686C8 /* Project object */;
			proxyType = 1;
			remoteGlobalIDString = 512D9A811E4C3E2C001686C8;
			remoteInfo = "Weather Today";
		};
		512D9AA71E4C3E2C001686C8 /* PBXContainerItemProxy */ = {
			isa = PBXContainerItemProxy;
			containerPortal = 512D9A7A1E4C3E2C001686C8 /* Project object */;
			proxyType = 1;
			remoteGlobalIDString = 512D9A811E4C3E2C001686C8;
			remoteInfo = "Weather Today";
		};
/* End PBXContainerItemProxy section */

/* Begin PBXFileReference section */
		512D9A821E4C3E2C001686C8 /* Weather Today.app */ = {isa = PBXFileReference; explicitFileType = wrapper.application; includeInIndex = 0; path = "Weather Today.app"; sourceTree = BUILT_PRODUCTS_DIR; };
		512D9A861E4C3E2C001686C8 /* main.m */ = {isa = PBXFileReference; lastKnownFileType = sourcecode.c.objc; path = main.m; sourceTree = "<group>"; };
		512D9A881E4C3E2C001686C8 /* AppDelegate.h */ = {isa = PBXFileReference; lastKnownFileType = sourcecode.c.h; path = AppDelegate.h; sourceTree = "<group>"; };
		512D9A891E4C3E2C001686C8 /* AppDelegate.m */ = {isa = PBXFileReference; lastKnownFileType = sourcecode.c.objc; path = AppDelegate.m; sourceTree = "<group>"; };
		512D9A8B1E4C3E2C001686C8 /* ViewController.h */ = {isa = PBXFileReference; lastKnownFileType = sourcecode.c.h; path = ViewController.h; sourceTree = "<group>"; };
		512D9A8C1E4C3E2C001686C8 /* ViewController.m */ = {isa = PBXFileReference; lastKnownFileType = sourcecode.c.objc; path = ViewController.m; sourceTree = "<group>"; };
		512D9A8F1E4C3E2C001686C8 /* Base */ = {isa = PBXFileReference; lastKnownFileType = file.storyboard; name = Base; path = Base.lproj/Main.storyboard; sourceTree = "<group>"; };
		512D9A911E4C3E2C001686C8 /* Assets.xcassets */ = {isa = PBXFileReference; lastKnownFileType = folder.assetcatalog; path = Assets.xcassets; sourceTree = "<group>"; };
		512D9A941E4C3E2C001686C8 /* Base */ = {isa = PBXFileReference; lastKnownFileType = file.storyboard; name = Base; path = Base.lproj/LaunchScreen.storyboard; sourceTree = "<group>"; };
		512D9A961E4C3E2C001686C8 /* Info.plist */ = {isa = PBXFileReference; lastKnownFileType = text.plist.xml; path = Info.plist; sourceTree = "<group>"; };
		512D9A9B1E4C3E2C001686C8 /* Weather TodayTests.xctest */ = {isa = PBXFileReference; explicitFileType = wrapper.cfbundle; includeInIndex = 0; path = "Weather TodayTests.xctest"; sourceTree = BUILT_PRODUCTS_DIR; };
		512D9A9F1E4C3E2C001686C8 /* Weather_TodayTests.m */ = {isa = PBXFileReference; lastKnownFileType = sourcecode.c.objc; path = Weather_TodayTests.m; sourceTree = "<group>"; };
		512D9AA11E4C3E2C001686C8 /* Info.plist */ = {isa = PBXFileReference; lastKnownFileType = text.plist.xml; path = Info.plist; sourceTree = "<group>"; };
		512D9AA61E4C3E2C001686C8 /* Weather TodayUITests.xctest */ = {isa = PBXFileReference; explicitFileType = wrapper.cfbundle; includeInIndex = 0; path = "Weather TodayUITests.xctest"; sourceTree = BUILT_PRODUCTS_DIR; };
		512D9AAA1E4C3E2C001686C8 /* Weather_TodayUITests.m */ = {isa = PBXFileReference; lastKnownFileType = sourcecode.c.objc; path = Weather_TodayUITests.m; sourceTree = "<group>"; };
		512D9AAC1E4C3E2C001686C8 /* Info.plist */ = {isa = PBXFileReference; lastKnownFileType = text.plist.xml; path = Info.plist; sourceTree = "<group>"; };
		512D9AB91E4C3F57001686C8 /* SystemConfiguration.framework */ = {isa = PBXFileReference; lastKnownFileType = wrapper.framework; name = SystemConfiguration.framework; path = System/Library/Frameworks/SystemConfiguration.framework; sourceTree = SDKROOT; };
		512D9ABB1E4C3F70001686C8 /* CoreLocation.framework */ = {isa = PBXFileReference; lastKnownFileType = wrapper.framework; name = CoreLocation.framework; path = System/Library/Frameworks/CoreLocation.framework; sourceTree = SDKROOT; };
/* End PBXFileReference section */

/* Begin PBXFrameworksBuildPhase section */
		512D9A7F1E4C3E2C001686C8 /* Frameworks */ = {
			isa = PBXFrameworksBuildPhase;
			buildActionMask = 2147483647;
			files = (
				512D9ABC1E4C3F70001686C8 /* CoreLocation.framework in Frameworks */,
				512D9ABA1E4C3F57001686C8 /* SystemConfiguration.framework in Frameworks */,
			);
			runOnlyForDeploymentPostprocessing = 0;
		};
		512D9A981E4C3E2C001686C8 /* Frameworks */ = {
			isa = PBXFrameworksBuildPhase;
			buildActionMask = 2147483647;
			files = (
			);
			runOnlyForDeploymentPostprocessing = 0;
		};
		512D9AA31E4C3E2C001686C8 /* Frameworks */ = {
			isa = PBXFrameworksBuildPhase;
			buildActionMask = 2147483647;
			files = (
			);
			runOnlyForDeploymentPostprocessing = 0;
		};
/* End PBXFrameworksBuildPhase section */

/* Begin PBXGroup section */
		512D9A791E4C3E2C001686C8 = {
			isa = PBXGroup;
			children = (
				512D9A841E4C3E2C001686C8 /* Weather Today */,
				512D9A9E1E4C3E2C001686C8 /* Weather TodayTests */,
				512D9AA91E4C3E2C001686C8 /* Weather TodayUITests */,
				512D9A831E4C3E2C001686C8 /* Products */,
				512D9AB81E4C3F57001686C8 /* Frameworks */,
			);
			sourceTree = "<group>";
		};
		512D9A831E4C3E2C001686C8 /* Products */ = {
			isa = PBXGroup;
			children = (
				512D9A821E4C3E2C001686C8 /* Weather Today.app */,
				512D9A9B1E4C3E2C001686C8 /* Weather TodayTests.xctest */,
				512D9AA61E4C3E2C001686C8 /* Weather TodayUITests.xctest */,
			);
			name = Products;
			sourceTree = "<group>";
		};
		512D9A841E4C3E2C001686C8 /* Weather Today */ = {
			isa = PBXGroup;
			children = (
				512D9A881E4C3E2C001686C8 /* AppDelegate.h */,
				512D9A891E4C3E2C001686C8 /* AppDelegate.m */,
				512D9A8B1E4C3E2C001686C8 /* ViewController.h */,
				512D9A8C1E4C3E2C001686C8 /* ViewController.m */,
				512D9A8E1E4C3E2C001686C8 /* Main.storyboard */,
				512D9A911E4C3E2C001686C8 /* Assets.xcassets */,
				512D9A931E4C3E2C001686C8 /* LaunchScreen.storyboard */,
				512D9A961E4C3E2C001686C8 /* Info.plist */,
				512D9A851E4C3E2C001686C8 /* Supporting Files */,
			);
			path = "Weather Today";
			sourceTree = "<group>";
		};
		512D9A851E4C3E2C001686C8 /* Supporting Files */ = {
			isa = PBXGroup;
			children = (
				512D9A861E4C3E2C001686C8 /* main.m */,
			);
			name = "Supporting Files";
			sourceTree = "<group>";
		};
		512D9A9E1E4C3E2C001686C8 /* Weather TodayTests */ = {
			isa = PBXGroup;
			children = (
				512D9A9F1E4C3E2C001686C8 /* Weather_TodayTests.m */,
				512D9AA11E4C3E2C001686C8 /* Info.plist */,
			);
			path = "Weather TodayTests";
			sourceTree = "<group>";
		};
		512D9AA91E4C3E2C001686C8 /* Weather TodayUITests */ = {
			isa = PBXGroup;
			children = (
				512D9AAA1E4C3E2C001686C8 /* Weather_TodayUITests.m */,
				512D9AAC1E4C3E2C001686C8 /* Info.plist */,
			);
			path = "Weather TodayUITests";
			sourceTree = "<group>";
		};
		512D9AB81E4C3F57001686C8 /* Frameworks */ = {
			isa = PBXGroup;
			children = (
				512D9ABB1E4C3F70001686C8 /* CoreLocation.framework */,
				512D9AB91E4C3F57001686C8 /* SystemConfiguration.framework */,
			);
			name = Frameworks;
			sourceTree = "<group>";
		};
/* End PBXGroup section */

/* Begin PBXNativeTarget section */
		512D9A811E4C3E2C001686C8 /* Weather Today */ = {
			isa = PBXNativeTarget;
			buildConfigurationList = 512D9AAF1E4C3E2C001686C8 /* Build configuration list for PBXNativeTarget "Weather Today" */;
			buildPhases = (
				512D9A7E1E4C3E2C001686C8 /* Sources */,
				512D9A7F1E4C3E2C001686C8 /* Frameworks */,
				512D9A801E4C3E2C001686C8 /* Resources */,
			);
			buildRules = (
			);
			dependencies = (
			);
			name = "Weather Today";
			productName = "Weather Today";
			productReference = 512D9A821E4C3E2C001686C8 /* Weather Today.app */;
			productType = "com.apple.product-type.application";
		};
		512D9A9A1E4C3E2C001686C8 /* Weather TodayTests */ = {
			isa = PBXNativeTarget;
			buildConfigurationList = 512D9AB21E4C3E2C001686C8 /* Build configuration list for PBXNativeTarget "Weather TodayTests" */;
			buildPhases = (
				512D9A971E4C3E2C001686C8 /* Sources */,
				512D9A981E4C3E2C001686C8 /* Frameworks */,
				512D9A991E4C3E2C001686C8 /* Resources */,
			);
			buildRules = (
			);
			dependencies = (
				512D9A9D1E4C3E2C001686C8 /* PBXTargetDependency */,
			);
			name = "Weather TodayTests";
			productName = "Weather TodayTests";
			productReference = 512D9A9B1E4C3E2C001686C8 /* Weather TodayTests.xctest */;
			productType = "com.apple.product-type.bundle.unit-test";
		};
		512D9AA51E4C3E2C001686C8 /* Weather TodayUITests */ = {
			isa = PBXNativeTarget;
			buildConfigurationList = 512D9AB51E4C3E2C001686C8 /* Build configuration list for PBXNativeTarget "Weather TodayUITests" */;
			buildPhases = (
				512D9AA21E4C3E2C001686C8 /* Sources */,
				512D9AA31E4C3E2C001686C8 /* Frameworks */,
				512D9AA41E4C3E2C001686C8 /* Resources */,
			);
			buildRules = (
			);
			dependencies = (
				512D9AA81E4C3E2C001686C8 /* PBXTargetDependency */,
			);
			name = "Weather TodayUITests";
			productName = "Weather TodayUITests";
			productReference = 512D9AA61E4C3E2C001686C8 /* Weather TodayUITests.xctest */;
			productType = "com.apple.product-type.bundle.ui-testing";
		};
/* End PBXNativeTarget section */

/* Begin PBXProject section */
		512D9A7A1E4C3E2C001686C8 /* Project object */ = {
			isa = PBXProject;
			attributes = {
				LastUpgradeCheck = 0820;
				ORGANIZATIONNAME = "Abdul Kareem";
				TargetAttributes = {
					512D9A811E4C3E2C001686C8 = {
						CreatedOnToolsVersion = 8.2.1;
						DevelopmentTeam = NARZ8CB9M8;
						ProvisioningStyle = Automatic;
					};
					512D9A9A1E4C3E2C001686C8 = {
						CreatedOnToolsVersion = 8.2.1;
						DevelopmentTeam = NARZ8CB9M8;
						ProvisioningStyle = Automatic;
						TestTargetID = 512D9A811E4C3E2C001686C8;
					};
					512D9AA51E4C3E2C001686C8 = {
						CreatedOnToolsVersion = 8.2.1;
						DevelopmentTeam = NARZ8CB9M8;
						ProvisioningStyle = Automatic;
						TestTargetID = 512D9A811E4C3E2C001686C8;
					};
				};
			};
			buildConfigurationList = 512D9A7D1E4C3E2C001686C8 /* Build configuration list for PBXProject "Weather Today" */;
			compatibilityVersion = "Xcode 3.2";
			developmentRegion = English;
			hasScannedForEncodings = 0;
			knownRegions = (
				en,
				Base,
			);
			mainGroup = 512D9A791E4C3E2C001686C8;
			productRefGroup = 512D9A831E4C3E2C001686C8 /* Products */;
			projectDirPath = "";
			projectRoot = "";
			targets = (
				512D9A811E4C3E2C001686C8 /* Weather Today */,
				512D9A9A1E4C3E2C001686C8 /* Weather TodayTests */,
				512D9AA51E4C3E2C001686C8 /* Weather TodayUITests */,
			);
		};
/* End PBXProject section */

/* Begin PBXResourcesBuildPhase section */
		512D9A801E4C3E2C001686C8 /* Resources */ = {
			isa = PBXResourcesBuildPhase;
			buildActionMask = 2147483647;
			files = (
				512D9A951E4C3E2C001686C8 /* LaunchScreen.storyboard in Resources */,
				512D9A921E4C3E2C001686C8 /* Assets.xcassets in Resources */,
				512D9A901E4C3E2C001686C8 /* Main.storyboard in Resources */,
			);
			runOnlyForDeploymentPostprocessing = 0;
		};
		512D9A991E4C3E2C001686C8 /* Resources */ = {
			isa = PBXResourcesBuildPhase;
			buildActionMask = 2147483647;
			files = (
			);
			runOnlyForDeploymentPostprocessing = 0;
		};
		512D9AA41E4C3E2C001686C8 /* Resources */ = {
			isa = PBXResourcesBuildPhase;
			buildActionMask = 2147483647;
			files = (
			);
			runOnlyForDeploymentPostprocessing = 0;
		};
/* End PBXResourcesBuildPhase section */

/* Begin PBXSourcesBuildPhase section */
		512D9A7E1E4C3E2C001686C8 /* Sources */ = {
			isa = PBXSourcesBuildPhase;
			buildActionMask = 2147483647;
			files = (
				512D9A8D1E4C3E2C001686C8 /* ViewController.m in Sources */,
				512D9A8A1E4C3E2C001686C8 /* AppDelegate.m in Sources */,
				512D9A871E4C3E2C001686C8 /* main.m in Sources */,
			);
			runOnlyForDeploymentPostprocessing = 0;
		};
		512D9A971E4C3E2C001686C8 /* Sources */ = {
			isa = PBXSourcesBuildPhase;
			buildActionMask = 2147483647;
			files = (
				512D9AA01E4C3E2C001686C8 /* Weather_TodayTests.m in Sources */,
			);
			runOnlyForDeploymentPostprocessing = 0;
		};
		512D9AA21E4C3E2C001686C8 /* Sources */ = {
			isa = PBXSourcesBuildPhase;
			buildActionMask = 2147483647;
			files = (
				512D9AAB1E4C3E2C001686C8 /* Weather_TodayUITests.m in Sources */,
			);
			runOnlyForDeploymentPostprocessing = 0;
		};
/* End PBXSourcesBuildPhase section */

/* Begin PBXTargetDependency section */
		512D9A9D1E4C3E2C001686C8 /* PBXTargetDependency */ = {
			isa = PBXTargetDependency;
			target = 512D9A811E4C3E2C001686C8 /* Weather Today */;
			targetProxy = 512D9A9C1E4C3E2C001686C8 /* PBXContainerItemProxy */;
		};
		512D9AA81E4C3E2C001686C8 /* PBXTargetDependency */ = {
			isa = PBXTargetDependency;
			target = 512D9A811E4C3E2C001686C8 /* Weather Today */;
			targetProxy = 512D9AA71E4C3E2C001686C8 /* PBXContainerItemProxy */;
		};
/* End PBXTargetDependency section */

/* Begin PBXVariantGroup section */
		512D9A8E1E4C3E2C001686C8 /* Main.storyboard */ = {
			isa = PBXVariantGroup;
			children = (
				512D9A8F1E4C3E2C001686C8 /* Base */,
			);
			name = Main.storyboard;
			sourceTree = "<group>";
		};
		512D9A931E4C3E2C001686C8 /* LaunchScreen.storyboard */ = {
			isa = PBXVariantGroup;
			children = (
				512D9A941E4C3E2C001686C8 /* Base */,
			);
			name = LaunchScreen.storyboard;
			sourceTree = "<group>";
		};
/* End PBXVariantGroup section */

/* Begin XCBuildConfiguration section */
		512D9AAD1E4C3E2C001686C8 /* Debug */ = {
			isa = XCBuildConfiguration;
			buildSettings = {
				ALWAYS_SEARCH_USER_PATHS = NO;
				CLANG_ANALYZER_NONNULL = YES;
				CLANG_CXX_LANGUAGE_STANDARD = "gnu++0x";
				CLANG_CXX_LIBRARY = "libc++";
				CLANG_ENABLE_MODULES = YES;
				CLANG_ENABLE_OBJC_ARC = YES;
				CLANG_WARN_BOOL_CONVERSION = YES;
				CLANG_WARN_CONSTANT_CONVERSION = YES;
				CLANG_WARN_DIRECT_OBJC_ISA_USAGE = YES_ERROR;
				CLANG_WARN_DOCUMENTATION_COMMENTS = YES;
				CLANG_WARN_EMPTY_BODY = YES;
				CLANG_WARN_ENUM_CONVERSION = YES;
				CLANG_WARN_INFINITE_RECURSION = YES;
				CLANG_WARN_INT_CONVERSION = YES;
				CLANG_WARN_OBJC_ROOT_CLASS = YES_ERROR;
				CLANG_WARN_SUSPICIOUS_MOVE = YES;
				CLANG_WARN_UNREACHABLE_CODE = YES;
				CLANG_WARN__DUPLICATE_METHOD_MATCH = YES;
				"CODE_SIGN_IDENTITY[sdk=iphoneos*]" = "iPhone Developer";
				COPY_PHASE_STRIP = NO;
				DEBUG_INFORMATION_FORMAT = dwarf;
				ENABLE_STRICT_OBJC_MSGSEND = YES;
				ENABLE_TESTABILITY = YES;
				GCC_C_LANGUAGE_STANDARD = gnu99;
				GCC_DYNAMIC_NO_PIC = NO;
				GCC_NO_COMMON_BLOCKS = YES;
				GCC_OPTIMIZATION_LEVEL = 0;
				GCC_PREPROCESSOR_DEFINITIONS = (
					"DEBUG=1",
					"$(inherited)",
				);
				GCC_WARN_64_TO_32_BIT_CONVERSION = YES;
				GCC_WARN_ABOUT_RETURN_TYPE = YES_ERROR;
				GCC_WARN_UNDECLARED_SELECTOR = YES;
				GCC_WARN_UNINITIALIZED_AUTOS = YES_AGGRESSIVE;
				GCC_WARN_UNUSED_FUNCTION = YES;
				GCC_WARN_UNUSED_VARIABLE = YES;
				IPHONEOS_DEPLOYMENT_TARGET = 10.2;
				MTL_ENABLE_DEBUG_INFO = YES;
				ONLY_ACTIVE_ARCH = YES;
				SDKROOT = iphoneos;
			};
			name = Debug;
		};
		512D9AAE1E4C3E2C001686C8 /* Release */ = {
			isa = XCBuildConfiguration;
			buildSettings = {
				ALWAYS_SEARCH_USER_PATHS = NO;
				CLANG_ANALYZER_NONNULL = YES;
				CLANG_CXX_LANGUAGE_STANDARD = "gnu++0x";
				CLANG_CXX_LIBRARY = "libc++";
				CLANG_ENABLE_MODULES = YES;
				CLANG_ENABLE_OBJC_ARC = YES;
				CLANG_WARN_BOOL_CONVERSION = YES;
				CLANG_WARN_CONSTANT_CONVERSION = YES;
				CLANG_WARN_DIRECT_OBJC_ISA_USAGE = YES_ERROR;
				CLANG_WARN_DOCUMENTATION_COMMENTS = YES;
				CLANG_WARN_EMPTY_BODY = YES;
				CLANG_WARN_ENUM_CONVERSION = YES;
				CLANG_WARN_INFINITE_RECURSION = YES;
				CLANG_WARN_INT_CONVERSION = YES;
				CLANG_WARN_OBJC_ROOT_CLASS = YES_ERROR;
				CLANG_WARN_SUSPICIOUS_MOVE = YES;
				CLANG_WARN_UNREACHABLE_CODE = YES;
				CLANG_WARN__DUPLICATE_METHOD_MATCH = YES;
				"CODE_SIGN_IDENTITY[sdk=iphoneos*]" = "iPhone Developer";
				COPY_PHASE_STRIP = NO;
				DEBUG_INFORMATION_FORMAT = "dwarf-with-dsym";
				ENABLE_NS_ASSERTIONS = NO;
				ENABLE_STRICT_OBJC_MSGSEND = YES;
				GCC_C_LANGUAGE_STANDARD = gnu99;
				GCC_NO_COMMON_BLOCKS = YES;
				GCC_WARN_64_TO_32_BIT_CONVERSION = YES;
				GCC_WARN_ABOUT_RETURN_TYPE = YES_ERROR;
				GCC_WARN_UNDECLARED_SELECTOR = YES;
				GCC_WARN_UNINITIALIZED_AUTOS = YES_AGGRESSIVE;
				GCC_WARN_UNUSED_FUNCTION = YES;
				GCC_WARN_UNUSED_VARIABLE = YES;
				IPHONEOS_DEPLOYMENT_TARGET = 10.2;
				MTL_ENABLE_DEBUG_INFO = NO;
				SDKROOT = iphoneos;
				VALIDATE_PRODUCT = YES;
			};
			name = Release;
		};
		512D9AB01E4C3E2C001686C8 /* Debug */ = {
			isa = XCBuildConfiguration;
			buildSettings = {
				ASSETCATALOG_COMPILER_APPICON_NAME = AppIcon;
				DEVELOPMENT_TEAM = NARZ8CB9M8;
				INFOPLIST_FILE = "Weather Today/Info.plist";
				LD_RUNPATH_SEARCH_PATHS = "$(inherited) @executable_path/Frameworks";
				PRODUCT_BUNDLE_IDENTIFIER = "com.abdkhaja.Weather-Today";
				PRODUCT_NAME = "$(TARGET_NAME)";
			};
			name = Debug;
		};
		512D9AB11E4C3E2C001686C8 /* Release */ = {
			isa = XCBuildConfiguration;
			buildSettings = {
				ASSETCATALOG_COMPILER_APPICON_NAME = AppIcon;
				DEVELOPMENT_TEAM = NARZ8CB9M8;
				INFOPLIST_FILE = "Weather Today/Info.plist";
				LD_RUNPATH_SEARCH_PATHS = "$(inherited) @executable_path/Frameworks";
				PRODUCT_BUNDLE_IDENTIFIER = "com.abdkhaja.Weather-Today";
				PRODUCT_NAME = "$(TARGET_NAME)";
			};
			name = Release;
		};
		512D9AB31E4C3E2C001686C8 /* Debug */ = {
			isa = XCBuildConfiguration;
			buildSettings = {
				BUNDLE_LOADER = "$(TEST_HOST)";
				DEVELOPMENT_TEAM = NARZ8CB9M8;
				INFOPLIST_FILE = "Weather TodayTests/Info.plist";
				LD_RUNPATH_SEARCH_PATHS = "$(inherited) @executable_path/Frameworks @loader_path/Frameworks";
				PRODUCT_BUNDLE_IDENTIFIER = "com.abdkhaja.Weather-TodayTests";
				PRODUCT_NAME = "$(TARGET_NAME)";
				TEST_HOST = "$(BUILT_PRODUCTS_DIR)/Weather Today.app/Weather Today";
			};
			name = Debug;
		};
		512D9AB41E4C3E2C001686C8 /* Release */ = {
			isa = XCBuildConfiguration;
			buildSettings = {
				BUNDLE_LOADER = "$(TEST_HOST)";
				DEVELOPMENT_TEAM = NARZ8CB9M8;
				INFOPLIST_FILE = "Weather TodayTests/Info.plist";
				LD_RUNPATH_SEARCH_PATHS = "$(inherited) @executable_path/Frameworks @loader_path/Frameworks";
				PRODUCT_BUNDLE_IDENTIFIER = "com.abdkhaja.Weather-TodayTests";
				PRODUCT_NAME = "$(TARGET_NAME)";
				TEST_HOST = "$(BUILT_PRODUCTS_DIR)/Weather Today.app/Weather Today";
			};
			name = Release;
		};
		512D9AB61E4C3E2C001686C8 /* Debug */ = {
			isa = XCBuildConfiguration;
			buildSettings = {
				DEVELOPMENT_TEAM = NARZ8CB9M8;
				INFOPLIST_FILE = "Weather TodayUITests/Info.plist";
				LD_RUNPATH_SEARCH_PATHS = "$(inherited) @executable_path/Frameworks @loader_path/Frameworks";
				PRODUCT_BUNDLE_IDENTIFIER = "com.abdkhaja.Weather-TodayUITests";
				PRODUCT_NAME = "$(TARGET_NAME)";
				TEST_TARGET_NAME = "Weather Today";
			};
			name = Debug;
		};
		512D9AB71E4C3E2C001686C8 /* Release */ = {
			isa = XCBuildConfiguration;
			buildSettings = {
				DEVELOPMENT_TEAM = NARZ8CB9M8;
				INFOPLIST_FILE = "Weather TodayUITests/Info.plist";
				LD_RUNPATH_SEARCH_PATHS = "$(inherited) @executable_path/Frameworks @loader_path/Frameworks";
				PRODUCT_BUNDLE_IDENTIFIER = "com.abdkhaja.Weather-TodayUITests";
				PRODUCT_NAME = "$(TARGET_NAME)";
				TEST_TARGET_NAME = "Weather Today";
			};
			name = Release;
		};
/* End XCBuildConfiguration section */

/* Begin XCConfigurationList section */
		512D9A7D1E4C3E2C001686C8 /* Build configuration list for PBXProject "Weather Today" */ = {
			isa = XCConfigurationList;
			buildConfigurations = (
				512D9AAD1E4C3E2C001686C8 /* Debug */,
				512D9AAE1E4C3E2C001686C8 /* Release */,
			);
			defaultConfigurationIsVisible = 0;
			defaultConfigurationName = Release;
		};
		512D9AAF1E4C3E2C001686C8 /* Build configuration list for PBXNativeTarget "Weather Today" */ = {
			isa = XCConfigurationList;
			buildConfigurations = (
				512D9AB01E4C3E2C001686C8 /* Debug */,
				512D9AB11E4C3E2C001686C8 /* Release */,
			);
			defaultConfigurationIsVisible = 0;
		};
		512D9AB21E4C3E2C001686C8 /* Build configuration list for PBXNativeTarget "Weather TodayTests" */ = {
			isa = XCConfigurationList;
			buildConfigurations = (
				512D9AB31E4C3E2C001686C8 /* Debug */,
				512D9AB41E4C3E2C001686C8 /* Release */,
			);
			defaultConfigurationIsVisible = 0;
		};
		512D9AB51E4C3E2C001686C8 /* Build configuration list for PBXNativeTarget "Weather TodayUITests" */ = {
			isa = XCConfigurationList;
			buildConfigurations = (
				512D9AB61E4C3E2C001686C8 /* Debug */,
				512D9AB71E4C3E2C001686C8 /* Release */,
			);
			defaultConfigurationIsVisible = 0;
		};
/* End XCConfigurationList section */
	};
	rootObject = 512D9A7A1E4C3E2C001686C8 /* Project object */;
}
